// !$*UTF8*$!
{
	archiveVersion = 1;
	classes = {
	};
	objectVersion = 46;
	objects = {

/* Begin PBXBuildFile section */
		A2C8BA311CC9D03C003CAD97 /* main.m in Sources */ = {isa = PBXBuildFile; fileRef = A2C8BA301CC9D03C003CAD97 /* main.m */; };
		A2C8BA341CC9D03C003CAD97 /* AppDelegate.m in Sources */ = {isa = PBXBuildFile; fileRef = A2C8BA331CC9D03C003CAD97 /* AppDelegate.m */; };
		A2C8BA371CC9D03C003CAD97 /* ViewController.m in Sources */ = {isa = PBXBuildFile; fileRef = A2C8BA361CC9D03C003CAD97 /* ViewController.m */; };
		A2C8BA3A1CC9D03C003CAD97 /* Main.storyboard in Resources */ = {isa = PBXBuildFile; fileRef = A2C8BA381CC9D03C003CAD97 /* Main.storyboard */; };
		A2C8BA3C1CC9D03C003CAD97 /* Assets.xcassets in Resources */ = {isa = PBXBuildFile; fileRef = A2C8BA3B1CC9D03C003CAD97 /* Assets.xcassets */; };
		A2C8BA3F1CC9D03C003CAD97 /* LaunchScreen.storyboard in Resources */ = {isa = PBXBuildFile; fileRef = A2C8BA3D1CC9D03C003CAD97 /* LaunchScreen.storyboard */; };
		A2C8BA5B1CC9E036003CAD97 /* bg.png in Resources */ = {isa = PBXBuildFile; fileRef = A2C8BA471CC9E036003CAD97 /* bg.png */; };
		A2C8BA5C1CC9E036003CAD97 /* grass.png in Resources */ = {isa = PBXBuildFile; fileRef = A2C8BA481CC9E036003CAD97 /* grass.png */; };
		A2C8BA5D1CC9E036003CAD97 /* hills.png in Resources */ = {isa = PBXBuildFile; fileRef = A2C8BA491CC9E036003CAD97 /* hills.png */; };
		A2C8BA5E1CC9E036003CAD97 /* rhinorun_01.png in Resources */ = {isa = PBXBuildFile; fileRef = A2C8BA4A1CC9E036003CAD97 /* rhinorun_01.png */; };
		A2C8BA5F1CC9E036003CAD97 /* rhinorun_02.png in Resources */ = {isa = PBXBuildFile; fileRef = A2C8BA4B1CC9E036003CAD97 /* rhinorun_02.png */; };
		A2C8BA601CC9E036003CAD97 /* rhinorun_03.png in Resources */ = {isa = PBXBuildFile; fileRef = A2C8BA4C1CC9E036003CAD97 /* rhinorun_03.png */; };
		A2C8BA611CC9E036003CAD97 /* rhinorun_04.png in Resources */ = {isa = PBXBuildFile; fileRef = A2C8BA4D1CC9E036003CAD97 /* rhinorun_04.png */; };
		A2C8BA621CC9E036003CAD97 /* rhinorun_05.png in Resources */ = {isa = PBXBuildFile; fileRef = A2C8BA4E1CC9E036003CAD97 /* rhinorun_05.png */; };
		A2C8BA631CC9E036003CAD97 /* rhinorun_06.png in Resources */ = {isa = PBXBuildFile; fileRef = A2C8BA4F1CC9E036003CAD97 /* rhinorun_06.png */; };
		A2C8BA641CC9E036003CAD97 /* rhinorun_07.png in Resources */ = {isa = PBXBuildFile; fileRef = A2C8BA501CC9E036003CAD97 /* rhinorun_07.png */; };
		A2C8BA651CC9E036003CAD97 /* rhinorun_08.png in Resources */ = {isa = PBXBuildFile; fileRef = A2C8BA511CC9E036003CAD97 /* rhinorun_08.png */; };
		A2C8BA661CC9E036003CAD97 /* rhinorun_09.png in Resources */ = {isa = PBXBuildFile; fileRef = A2C8BA521CC9E036003CAD97 /* rhinorun_09.png */; };
		A2C8BA671CC9E036003CAD97 /* rhinorun_10.png in Resources */ = {isa = PBXBuildFile; fileRef = A2C8BA531CC9E036003CAD97 /* rhinorun_10.png */; };
		A2C8BA681CC9E036003CAD97 /* rhinorun_11.png in Resources */ = {isa = PBXBuildFile; fileRef = A2C8BA541CC9E036003CAD97 /* rhinorun_11.png */; };
		A2C8BA691CC9E036003CAD97 /* rhinorun_12.png in Resources */ = {isa = PBXBuildFile; fileRef = A2C8BA551CC9E036003CAD97 /* rhinorun_12.png */; };
		A2C8BA6A1CC9E036003CAD97 /* rhinorun_13.png in Resources */ = {isa = PBXBuildFile; fileRef = A2C8BA561CC9E036003CAD97 /* rhinorun_13.png */; };
		A2C8BA6B1CC9E036003CAD97 /* rhinorun_14.png in Resources */ = {isa = PBXBuildFile; fileRef = A2C8BA571CC9E036003CAD97 /* rhinorun_14.png */; };
		A2C8BA6C1CC9E036003CAD97 /* rhinorun_15.png in Resources */ = {isa = PBXBuildFile; fileRef = A2C8BA581CC9E036003CAD97 /* rhinorun_15.png */; };
		A2C8BA6D1CC9E036003CAD97 /* tree1.png in Resources */ = {isa = PBXBuildFile; fileRef = A2C8BA591CC9E036003CAD97 /* tree1.png */; };
		A2C8BA6E1CC9E036003CAD97 /* tree2.png in Resources */ = {isa = PBXBuildFile; fileRef = A2C8BA5A1CC9E036003CAD97 /* tree2.png */; };
		A2C8BA711CC9E0B0003CAD97 /* PSSprite.m in Sources */ = {isa = PBXBuildFile; fileRef = A2C8BA701CC9E0B0003CAD97 /* PSSprite.m */; };
		A2C8BA741CC9E0C4003CAD97 /* PSGameSurface.m in Sources */ = {isa = PBXBuildFile; fileRef = A2C8BA731CC9E0C4003CAD97 /* PSGameSurface.m */; };
		A2C8BA761CCC30F3003CAD97 /* QuartzCore.framework in Frameworks */ = {isa = PBXBuildFile; fileRef = A2C8BA751CCC30F3003CAD97 /* QuartzCore.framework */; };
/* End PBXBuildFile section */

/* Begin PBXFileReference section */
		A2C8BA2C1CC9D03C003CAD97 /* GameAnimation.app */ = {isa = PBXFileReference; explicitFileType = wrapper.application; includeInIndex = 0; path = GameAnimation.app; sourceTree = BUILT_PRODUCTS_DIR; };
		A2C8BA301CC9D03C003CAD97 /* main.m */ = {isa = PBXFileReference; lastKnownFileType = sourcecode.c.objc; path = main.m; sourceTree = "<group>"; };
		A2C8BA321CC9D03C003CAD97 /* AppDelegate.h */ = {isa = PBXFileReference; lastKnownFileType = sourcecode.c.h; path = AppDelegate.h; sourceTree = "<group>"; };
		A2C8BA331CC9D03C003CAD97 /* AppDelegate.m */ = {isa = PBXFileReference; lastKnownFileType = sourcecode.c.objc; path = AppDelegate.m; sourceTree = "<group>"; };
		A2C8BA351CC9D03C003CAD97 /* ViewController.h */ = {isa = PBXFileReference; lastKnownFileType = sourcecode.c.h; path = ViewController.h; sourceTree = "<group>"; };
		A2C8BA361CC9D03C003CAD97 /* ViewController.m */ = {isa = PBXFileReference; lastKnownFileType = sourcecode.c.objc; path = ViewController.m; sourceTree = "<group>"; };
		A2C8BA391CC9D03C003CAD97 /* Base */ = {isa = PBXFileReference; lastKnownFileType = file.storyboard; name = Base; path = Base.lproj/Main.storyboard; sourceTree = "<group>"; };
		A2C8BA3B1CC9D03C003CAD97 /* Assets.xcassets */ = {isa = PBXFileReference; lastKnownFileType = folder.assetcatalog; path = Assets.xcassets; sourceTree = "<group>"; };
		A2C8BA3E1CC9D03C003CAD97 /* Base */ = {isa = PBXFileReference; lastKnownFileType = file.storyboard; name = Base; path = Base.lproj/LaunchScreen.storyboard; sourceTree = "<group>"; };
		A2C8BA401CC9D03C003CAD97 /* Info.plist */ = {isa = PBXFileReference; lastKnownFileType = text.plist.xml; path = Info.plist; sourceTree = "<group>"; };
		A2C8BA471CC9E036003CAD97 /* bg.png */ = {isa = PBXFileReference; lastKnownFileType = image.png; path = bg.png; sourceTree = "<group>"; };
		A2C8BA481CC9E036003CAD97 /* grass.png */ = {isa = PBXFileReference; lastKnownFileType = image.png; path = grass.png; sourceTree = "<group>"; };
		A2C8BA491CC9E036003CAD97 /* hills.png */ = {isa = PBXFileReference; lastKnownFileType = image.png; path = hills.png; sourceTree = "<group>"; };
		A2C8BA4A1CC9E036003CAD97 /* rhinorun_01.png */ = {isa = PBXFileReference; lastKnownFileType = image.png; path = rhinorun_01.png; sourceTree = "<group>"; };
		A2C8BA4B1CC9E036003CAD97 /* rhinorun_02.png */ = {isa = PBXFileReference; lastKnownFileType = image.png; path = rhinorun_02.png; sourceTree = "<group>"; };
		A2C8BA4C1CC9E036003CAD97 /* rhinorun_03.png */ = {isa = PBXFileReference; lastKnownFileType = image.png; path = rhinorun_03.png; sourceTree = "<group>"; };
		A2C8BA4D1CC9E036003CAD97 /* rhinorun_04.png */ = {isa = PBXFileReference; lastKnownFileType = image.png; path = rhinorun_04.png; sourceTree = "<group>"; };
		A2C8BA4E1CC9E036003CAD97 /* rhinorun_05.png */ = {isa = PBXFileReference; lastKnownFileType = image.png; path = rhinorun_05.png; sourceTree = "<group>"; };
		A2C8BA4F1CC9E036003CAD97 /* rhinorun_06.png */ = {isa = PBXFileReference; lastKnownFileType = image.png; path = rhinorun_06.png; sourceTree = "<group>"; };
		A2C8BA501CC9E036003CAD97 /* rhinorun_07.png */ = {isa = PBXFileReference; lastKnownFileType = image.png; path = rhinorun_07.png; sourceTree = "<group>"; };
		A2C8BA511CC9E036003CAD97 /* rhinorun_08.png */ = {isa = PBXFileReference; lastKnownFileType = image.png; path = rhinorun_08.png; sourceTree = "<group>"; };
		A2C8BA521CC9E036003CAD97 /* rhinorun_09.png */ = {isa = PBXFileReference; lastKnownFileType = image.png; path = rhinorun_09.png; sourceTree = "<group>"; };
		A2C8BA531CC9E036003CAD97 /* rhinorun_10.png */ = {isa = PBXFileReference; lastKnownFileType = image.png; path = rhinorun_10.png; sourceTree = "<group>"; };
		A2C8BA541CC9E036003CAD97 /* rhinorun_11.png */ = {isa = PBXFileReference; lastKnownFileType = image.png; path = rhinorun_11.png; sourceTree = "<group>"; };
		A2C8BA551CC9E036003CAD97 /* rhinorun_12.png */ = {isa = PBXFileReference; lastKnownFileType = image.png; path = rhinorun_12.png; sourceTree = "<group>"; };
		A2C8BA561CC9E036003CAD97 /* rhinorun_13.png */ = {isa = PBXFileReference; lastKnownFileType = image.png; path = rhinorun_13.png; sourceTree = "<group>"; };
		A2C8BA571CC9E036003CAD97 /* rhinorun_14.png */ = {isa = PBXFileReference; lastKnownFileType = image.png; path = rhinorun_14.png; sourceTree = "<group>"; };
		A2C8BA581CC9E036003CAD97 /* rhinorun_15.png */ = {isa = PBXFileReference; lastKnownFileType = image.png; path = rhinorun_15.png; sourceTree = "<group>"; };
		A2C8BA591CC9E036003CAD97 /* tree1.png */ = {isa = PBXFileReference; lastKnownFileType = image.png; path = tree1.png; sourceTree = "<group>"; };
		A2C8BA5A1CC9E036003CAD97 /* tree2.png */ = {isa = PBXFileReference; lastKnownFileType = image.png; path = tree2.png; sourceTree = "<group>"; };
		A2C8BA6F1CC9E0B0003CAD97 /* PSSprite.h */ = {isa = PBXFileReference; fileEncoding = 4; lastKnownFileType = sourcecode.c.h; path = PSSprite.h; sourceTree = "<group>"; };
		A2C8BA701CC9E0B0003CAD97 /* PSSprite.m */ = {isa = PBXFileReference; fileEncoding = 4; lastKnownFileType = sourcecode.c.objc; path = PSSprite.m; sourceTree = "<group>"; };
		A2C8BA721CC9E0C4003CAD97 /* PSGameSurface.h */ = {isa = PBXFileReference; fileEncoding = 4; lastKnownFileType = sourcecode.c.h; path = PSGameSurface.h; sourceTree = "<group>"; };
		A2C8BA731CC9E0C4003CAD97 /* PSGameSurface.m */ = {isa = PBXFileReference; fileEncoding = 4; lastKnownFileType = sourcecode.c.objc; path = PSGameSurface.m; sourceTree = "<group>"; };
		A2C8BA751CCC30F3003CAD97 /* QuartzCore.framework */ = {isa = PBXFileReference; lastKnownFileType = wrapper.framework; name = QuartzCore.framework; path = System/Library/Frameworks/QuartzCore.framework; sourceTree = SDKROOT; };
/* End PBXFileReference section */

/* Begin PBXFrameworksBuildPhase section */
		A2C8BA291CC9D03C003CAD97 /* Frameworks */ = {
			isa = PBXFrameworksBuildPhase;
			buildActionMask = 2147483647;
			files = (
				A2C8BA761CCC30F3003CAD97 /* QuartzCore.framework in Frameworks */,
			);
			runOnlyForDeploymentPostprocessing = 0;
		};
/* End PBXFrameworksBuildPhase section */

/* Begin PBXGroup section */
		A2C8BA231CC9D03C003CAD97 = {
			isa = PBXGroup;
			children = (
				A2C8BA751CCC30F3003CAD97 /* QuartzCore.framework */,
				A2C8BA461CC9D077003CAD97 /* art */,
				A2C8BA2E1CC9D03C003CAD97 /* GameAnimation */,
				A2C8BA2D1CC9D03C003CAD97 /* Products */,
			);
			sourceTree = "<group>";
		};
		A2C8BA2D1CC9D03C003CAD97 /* Products */ = {
			isa = PBXGroup;
			children = (
				A2C8BA2C1CC9D03C003CAD97 /* GameAnimation.app */,
			);
			name = Products;
			sourceTree = "<group>";
		};
		A2C8BA2E1CC9D03C003CAD97 /* GameAnimation */ = {
			isa = PBXGroup;
			children = (
				A2C8BA321CC9D03C003CAD97 /* AppDelegate.h */,
				A2C8BA331CC9D03C003CAD97 /* AppDelegate.m */,
				A2C8BA351CC9D03C003CAD97 /* ViewController.h */,
				A2C8BA361CC9D03C003CAD97 /* ViewController.m */,
				A2C8BA6F1CC9E0B0003CAD97 /* PSSprite.h */,
				A2C8BA701CC9E0B0003CAD97 /* PSSprite.m */,
				A2C8BA721CC9E0C4003CAD97 /* PSGameSurface.h */,
				A2C8BA731CC9E0C4003CAD97 /* PSGameSurface.m */,
				A2C8BA381CC9D03C003CAD97 /* Main.storyboard */,
				A2C8BA3B1CC9D03C003CAD97 /* Assets.xcassets */,
				A2C8BA3D1CC9D03C003CAD97 /* LaunchScreen.storyboard */,
				A2C8BA401CC9D03C003CAD97 /* Info.plist */,
				A2C8BA2F1CC9D03C003CAD97 /* Supporting Files */,
			);
			path = GameAnimation;
			sourceTree = "<group>";
		};
		A2C8BA2F1CC9D03C003CAD97 /* Supporting Files */ = {
			isa = PBXGroup;
			children = (
				A2C8BA301CC9D03C003CAD97 /* main.m */,
			);
			name = "Supporting Files";
			sourceTree = "<group>";
		};
		A2C8BA461CC9D077003CAD97 /* art */ = {
			isa = PBXGroup;
			children = (
				A2C8BA471CC9E036003CAD97 /* bg.png */,
				A2C8BA481CC9E036003CAD97 /* grass.png */,
				A2C8BA491CC9E036003CAD97 /* hills.png */,
				A2C8BA4A1CC9E036003CAD97 /* rhinorun_01.png */,
				A2C8BA4B1CC9E036003CAD97 /* rhinorun_02.png */,
				A2C8BA4C1CC9E036003CAD97 /* rhinorun_03.png */,
				A2C8BA4D1CC9E036003CAD97 /* rhinorun_04.png */,
				A2C8BA4E1CC9E036003CAD97 /* rhinorun_05.png */,
				A2C8BA4F1CC9E036003CAD97 /* rhinorun_06.png */,
				A2C8BA501CC9E036003CAD97 /* rhinorun_07.png */,
				A2C8BA511CC9E036003CAD97 /* rhinorun_08.png */,
				A2C8BA521CC9E036003CAD97 /* rhinorun_09.png */,
				A2C8BA531CC9E036003CAD97 /* rhinorun_10.png */,
				A2C8BA541CC9E036003CAD97 /* rhinorun_11.png */,
				A2C8BA551CC9E036003CAD97 /* rhinorun_12.png */,
				A2C8BA561CC9E036003CAD97 /* rhinorun_13.png */,
				A2C8BA571CC9E036003CAD97 /* rhinorun_14.png */,
				A2C8BA581CC9E036003CAD97 /* rhinorun_15.png */,
				A2C8BA591CC9E036003CAD97 /* tree1.png */,
				A2C8BA5A1CC9E036003CAD97 /* tree2.png */,
			);
			name = art;
			sourceTree = "<group>";
		};
/* End PBXGroup section */

/* Begin PBXNativeTarget section */
		A2C8BA2B1CC9D03C003CAD97 /* GameAnimation */ = {
			isa = PBXNativeTarget;
			buildConfigurationList = A2C8BA431CC9D03C003CAD97 /* Build configuration list for PBXNativeTarget "GameAnimation" */;
			buildPhases = (
				A2C8BA281CC9D03C003CAD97 /* Sources */,
				A2C8BA291CC9D03C003CAD97 /* Frameworks */,
				A2C8BA2A1CC9D03C003CAD97 /* Resources */,
			);
			buildRules = (
			);
			dependencies = (
			);
			name = GameAnimation;
			productName = GameAnimation;
			productReference = A2C8BA2C1CC9D03C003CAD97 /* GameAnimation.app */;
			productType = "com.apple.product-type.application";
		};
/* End PBXNativeTarget section */

/* Begin PBXProject section */
		A2C8BA241CC9D03C003CAD97 /* Project object */ = {
			isa = PBXProject;
			attributes = {
				LastUpgradeCheck = 0730;
				ORGANIZATIONNAME = "Chengshu Yu";
				TargetAttributes = {
					A2C8BA2B1CC9D03C003CAD97 = {
						CreatedOnToolsVersion = 7.3;
						DevelopmentTeam = NMNB7BX6HX;
					};
				};
			};
			buildConfigurationList = A2C8BA271CC9D03C003CAD97 /* Build configuration list for PBXProject "GameAnimation" */;
			compatibilityVersion = "Xcode 3.2";
			developmentRegion = English;
			hasScannedForEncodings = 0;
			knownRegions = (
				en,
				Base,
			);
			mainGroup = A2C8BA231CC9D03C003CAD97;
			productRefGroup = A2C8BA2D1CC9D03C003CAD97 /* Products */;
			projectDirPath = "";
			projectRoot = "";
			targets = (
				A2C8BA2B1CC9D03C003CAD97 /* GameAnimation */,
			);
		};
/* End PBXProject section */

/* Begin PBXResourcesBuildPhase section */
		A2C8BA2A1CC9D03C003CAD97 /* Resources */ = {
			isa = PBXResourcesBuildPhase;
			buildActionMask = 2147483647;
			files = (
				A2C8BA631CC9E036003CAD97 /* rhinorun_06.png in Resources */,
				A2C8BA5F1CC9E036003CAD97 /* rhinorun_02.png in Resources */,
				A2C8BA641CC9E036003CAD97 /* rhinorun_07.png in Resources */,
				A2C8BA691CC9E036003CAD97 /* rhinorun_12.png in Resources */,
				A2C8BA661CC9E036003CAD97 /* rhinorun_09.png in Resources */,
				A2C8BA3F1CC9D03C003CAD97 /* LaunchScreen.storyboard in Resources */,
				A2C8BA6C1CC9E036003CAD97 /* rhinorun_15.png in Resources */,
				A2C8BA6D1CC9E036003CAD97 /* tree1.png in Resources */,
				A2C8BA3C1CC9D03C003CAD97 /* Assets.xcassets in Resources */,
				A2C8BA601CC9E036003CAD97 /* rhinorun_03.png in Resources */,
				A2C8BA671CC9E036003CAD97 /* rhinorun_10.png in Resources */,
				A2C8BA5C1CC9E036003CAD97 /* grass.png in Resources */,
				A2C8BA5B1CC9E036003CAD97 /* bg.png in Resources */,
				A2C8BA6B1CC9E036003CAD97 /* rhinorun_14.png in Resources */,
				A2C8BA6A1CC9E036003CAD97 /* rhinorun_13.png in Resources */,
				A2C8BA5D1CC9E036003CAD97 /* hills.png in Resources */,
				A2C8BA5E1CC9E036003CAD97 /* rhinorun_01.png in Resources */,
				A2C8BA611CC9E036003CAD97 /* rhinorun_04.png in Resources */,
				A2C8BA6E1CC9E036003CAD97 /* tree2.png in Resources */,
				A2C8BA681CC9E036003CAD97 /* rhinorun_11.png in Resources */,
				A2C8BA621CC9E036003CAD97 /* rhinorun_05.png in Resources */,
				A2C8BA651CC9E036003CAD97 /* rhinorun_08.png in Resources */,
				A2C8BA3A1CC9D03C003CAD97 /* Main.storyboard in Resources */,
			);
			runOnlyForDeploymentPostprocessing = 0;
		};
/* End PBXResourcesBuildPhase section */

/* Begin PBXSourcesBuildPhase section */
		A2C8BA281CC9D03C003CAD97 /* Sources */ = {
			isa = PBXSourcesBuildPhase;
			buildActionMask = 2147483647;
			files = (
				A2C8BA371CC9D03C003CAD97 /* ViewController.m in Sources */,
				A2C8BA341CC9D03C003CAD97 /* AppDelegate.m in Sources */,
				A2C8BA311CC9D03C003CAD97 /* main.m in Sources */,
				A2C8BA711CC9E0B0003CAD97 /* PSSprite.m in Sources */,
				A2C8BA741CC9E0C4003CAD97 /* PSGameSurface.m in Sources */,
			);
			runOnlyForDeploymentPostprocessing = 0;
		};
/* End PBXSourcesBuildPhase section */

/* Begin PBXVariantGroup section */
		A2C8BA381CC9D03C003CAD97 /* Main.storyboard */ = {
			isa = PBXVariantGroup;
			children = (
				A2C8BA391CC9D03C003CAD97 /* Base */,
			);
			name = Main.storyboard;
			sourceTree = "<group>";
		};
		A2C8BA3D1CC9D03C003CAD97 /* LaunchScreen.storyboard */ = {
			isa = PBXVariantGroup;
			children = (
				A2C8BA3E1CC9D03C003CAD97 /* Base */,
			);
			name = LaunchScreen.storyboard;
			sourceTree = "<group>";
		};
/* End PBXVariantGroup section */

/* Begin XCBuildConfiguration section */
		A2C8BA411CC9D03C003CAD97 /* Debug */ = {
			isa = XCBuildConfiguration;
			buildSettings = {
				ALWAYS_SEARCH_USER_PATHS = NO;
				CLANG_ANALYZER_NONNULL = YES;
				CLANG_CXX_LANGUAGE_STANDARD = "gnu++0x";
				CLANG_CXX_LIBRARY = "libc++";
				CLANG_ENABLE_MODULES = YES;
				CLANG_ENABLE_OBJC_ARC = YES;
				CLANG_WARN_BOOL_CONVERSION = YES;
				CLANG_WARN_CONSTANT_CONVERSION = YES;
				CLANG_WARN_DIRECT_OBJC_ISA_USAGE = YES_ERROR;
				CLANG_WARN_EMPTY_BODY = YES;
				CLANG_WARN_ENUM_CONVERSION = YES;
				CLANG_WARN_INT_CONVERSION = YES;
				CLANG_WARN_OBJC_ROOT_CLASS = YES_ERROR;
				CLANG_WARN_UNREACHABLE_CODE = YES;
				CLANG_WARN__DUPLICATE_METHOD_MATCH = YES;
				"CODE_SIGN_IDENTITY[sdk=iphoneos*]" = "iPhone Developer";
				COPY_PHASE_STRIP = NO;
				DEBUG_INFORMATION_FORMAT = dwarf;
				ENABLE_STRICT_OBJC_MSGSEND = YES;
				ENABLE_TESTABILITY = YES;
				GCC_C_LANGUAGE_STANDARD = gnu99;
				GCC_DYNAMIC_NO_PIC = NO;
				GCC_NO_COMMON_BLOCKS = YES;
				GCC_OPTIMIZATION_LEVEL = 0;
				GCC_PREPROCESSOR_DEFINITIONS = (
					"DEBUG=1",
					"$(inherited)",
				);
				GCC_WARN_64_TO_32_BIT_CONVERSION = YES;
				GCC_WARN_ABOUT_RETURN_TYPE = YES_ERROR;
				GCC_WARN_UNDECLARED_SELECTOR = YES;
				GCC_WARN_UNINITIALIZED_AUTOS = YES_AGGRESSIVE;
				GCC_WARN_UNUSED_FUNCTION = YES;
				GCC_WARN_UNUSED_VARIABLE = YES;
				IPHONEOS_DEPLOYMENT_TARGET = 9.3;
				MTL_ENABLE_DEBUG_INFO = YES;
				ONLY_ACTIVE_ARCH = YES;
				SDKROOT = iphoneos;
				TARGETED_DEVICE_FAMILY = "1,2";
			};
			name = Debug;
		};
		A2C8BA421CC9D03C003CAD97 /* Release */ = {
			isa = XCBuildConfiguration;
			buildSettings = {
				ALWAYS_SEARCH_USER_PATHS = NO;
				CLANG_ANALYZER_NONNULL = YES;
				CLANG_CXX_LANGUAGE_STANDARD = "gnu++0x";
				CLANG_CXX_LIBRARY = "libc++";
				CLANG_ENABLE_MODULES = YES;
				CLANG_ENABLE_OBJC_ARC = YES;
				CLANG_WARN_BOOL_CONVERSION = YES;
				CLANG_WARN_CONSTANT_CONVERSION = YES;
				CLANG_WARN_DIRECT_OBJC_ISA_USAGE = YES_ERROR;
				CLANG_WARN_EMPTY_BODY = YES;
				CLANG_WARN_ENUM_CONVERSION = YES;
				CLANG_WARN_INT_CONVERSION = YES;
				CLANG_WARN_OBJC_ROOT_CLASS = YES_ERROR;
				CLANG_WARN_UNREACHABLE_CODE = YES;
				CLANG_WARN__DUPLICATE_METHOD_MATCH = YES;
				"CODE_SIGN_IDENTITY[sdk=iphoneos*]" = "iPhone Developer";
				COPY_PHASE_STRIP = NO;
				DEBUG_INFORMATION_FORMAT = "dwarf-with-dsym";
				ENABLE_NS_ASSERTIONS = NO;
				ENABLE_STRICT_OBJC_MSGSEND = YES;
				GCC_C_LANGUAGE_STANDARD = gnu99;
				GCC_NO_COMMON_BLOCKS = YES;
				GCC_WARN_64_TO_32_BIT_CONVERSION = YES;
				GCC_WARN_ABOUT_RETURN_TYPE = YES_ERROR;
				GCC_WARN_UNDECLARED_SELECTOR = YES;
				GCC_WARN_UNINITIALIZED_AUTOS = YES_AGGRESSIVE;
				GCC_WARN_UNUSED_FUNCTION = YES;
				GCC_WARN_UNUSED_VARIABLE = YES;
				IPHONEOS_DEPLOYMENT_TARGET = 9.3;
				MTL_ENABLE_DEBUG_INFO = NO;
				SDKROOT = iphoneos;
				TARGETED_DEVICE_FAMILY = "1,2";
				VALIDATE_PRODUCT = YES;
			};
			name = Release;
		};
		A2C8BA441CC9D03C003CAD97 /* Debug */ = {
			isa = XCBuildConfiguration;
			buildSettings = {
				ASSETCATALOG_COMPILER_APPICON_NAME = AppIcon;
				INFOPLIST_FILE = GameAnimation/Info.plist;
				IPHONEOS_DEPLOYMENT_TARGET = 6.0;
				LD_RUNPATH_SEARCH_PATHS = "$(inherited) @executable_path/Frameworks";
				PRODUCT_BUNDLE_IDENTIFIER = com.chengshuyu.GameAnimation;
				PRODUCT_NAME = "$(TARGET_NAME)";
			};
			name = Debug;
		};
		A2C8BA451CC9D03C003CAD97 /* Release */ = {
			isa = XCBuildConfiguration;
			buildSettings = {
				ASSETCATALOG_COMPILER_APPICON_NAME = AppIcon;
				INFOPLIST_FILE = GameAnimation/Info.plist;
				IPHONEOS_DEPLOYMENT_TARGET = 6.0;
				LD_RUNPATH_SEARCH_PATHS = "$(inherited) @executable_path/Frameworks";
				PRODUCT_BUNDLE_IDENTIFIER = com.chengshuyu.GameAnimation;
				PRODUCT_NAME = "$(TARGET_NAME)";
			};
			name = Release;
		};
/* End XCBuildConfiguration section */

/* Begin XCConfigurationList section */
		A2C8BA271CC9D03C003CAD97 /* Build configuration list for PBXProject "GameAnimation" */ = {
			isa = XCConfigurationList;
			buildConfigurations = (
				A2C8BA411CC9D03C003CAD97 /* Debug */,
				A2C8BA421CC9D03C003CAD97 /* Release */,
			);
			defaultConfigurationIsVisible = 0;
			defaultConfigurationName = Release;
		};
		A2C8BA431CC9D03C003CAD97 /* Build configuration list for PBXNativeTarget "GameAnimation" */ = {
			isa = XCConfigurationList;
			buildConfigurations = (
				A2C8BA441CC9D03C003CAD97 /* Debug */,
				A2C8BA451CC9D03C003CAD97 /* Release */,
			);
			defaultConfigurationIsVisible = 0;
			defaultConfigurationName = Release;
		};
/* End XCConfigurationList section */
	};
	rootObject = A2C8BA241CC9D03C003CAD97 /* Project object */;
}
